
Microsoft Visual Studio Solution File, Format Version 12.00
# Visual Studio Version 17
VisualStudioVersion = 17.7.34009.444
MinimumVisualStudioVersion = 10.0.40219.1
Project("{FAE04EC0-301F-11D3-BF4B-00C04F79EFBC}") = "Bank-transection-using-crud", "Bank-transection-using-crud\Bank-transection-using-crud.csproj", "{634C9EAC-7090-4A13-9BA5-03B8457DF0F3}"
EndProject
Global
	GlobalSection(SolutionConfigurationPlatforms) = preSolution
		Debug|Any CPU = Debug|Any CPU
		Release|Any CPU = Release|Any CPU
	EndGlobalSection
	GlobalSection(ProjectConfigurationPlatforms) = postSolution
		{634C9EAC-7090-4A13-9BA5-03B8457DF0F3}.Debug|Any CPU.ActiveCfg = Debug|Any CPU
		{634C9EAC-7090-4A13-9BA5-03B8457DF0F3}.Debug|Any CPU.Build.0 = Debug|Any CPU
		{634C9EAC-7090-4A13-9BA5-03B8457DF0F3}.Release|Any CPU.ActiveCfg = Release|Any CPU
		{634C9EAC-7090-4A13-9BA5-03B8457DF0F3}.Release|Any CPU.Build.0 = Release|Any CPU
	EndGlobalSection
	GlobalSection(SolutionProperties) = preSolution
		HideSolutionNode = FALSE
	EndGlobalSection
	GlobalSection(ExtensibilityGlobals) = postSolution
		SolutionGuid = {B004856D-ED9D-44B6-B7D2-872075E1CC31}
	EndGlobalSection
EndGlobal
